// !$*UTF8*$!
{
	archiveVersion = 1;
	classes = {
	};
	objectVersion = 50;
	objects = {

/* Begin PBXBuildFile section */
		1179B6F4221C0D4800463148 /* AppDelegate.m in Sources */ = {isa = PBXBuildFile; fileRef = 1179B6F3221C0D4800463148 /* AppDelegate.m */; };
		1179B6F7221C0D4800463148 /* ViewController.m in Sources */ = {isa = PBXBuildFile; fileRef = 1179B6F6221C0D4800463148 /* ViewController.m */; };
		1179B6FA221C0D4800463148 /* Main.storyboard in Resources */ = {isa = PBXBuildFile; fileRef = 1179B6F8221C0D4800463148 /* Main.storyboard */; };
		1179B6FC221C0D4A00463148 /* Assets.xcassets in Resources */ = {isa = PBXBuildFile; fileRef = 1179B6FB221C0D4A00463148 /* Assets.xcassets */; };
		1179B6FF221C0D4A00463148 /* LaunchScreen.storyboard in Resources */ = {isa = PBXBuildFile; fileRef = 1179B6FD221C0D4A00463148 /* LaunchScreen.storyboard */; };
		1179B702221C0D4A00463148 /* main.m in Sources */ = {isa = PBXBuildFile; fileRef = 1179B701221C0D4A00463148 /* main.m */; };
		572F15041060B370EAEE788A /* Pods_LBMusicPlayer.framework in Frameworks */ = {isa = PBXBuildFile; fileRef = 56633053A76077EA18944000 /* Pods_LBMusicPlayer.framework */; };
/* End PBXBuildFile section */

/* Begin PBXContainerItemProxy section */
		1179B708221C0D4B00463148 /* PBXContainerItemProxy */ = {
			isa = PBXContainerItemProxy;
			containerPortal = 1179B6E7221C0D4800463148 /* Project object */;
			proxyType = 1;
			remoteGlobalIDString = 1179B6EE221C0D4800463148;
			remoteInfo = LBMusicPlayer;
		};
		1179B713221C0D4B00463148 /* PBXContainerItemProxy */ = {
			isa = PBXContainerItemProxy;
			containerPortal = 1179B6E7221C0D4800463148 /* Project object */;
			proxyType = 1;
			remoteGlobalIDString = 1179B6EE221C0D4800463148;
			remoteInfo = LBMusicPlayer;
		};
/* End PBXContainerItemProxy section */

/* Begin PBXFileReference section */
		1179B6EF221C0D4800463148 /* LBMusicPlayer.app */ = {isa = PBXFileReference; explicitFileType = wrapper.application; includeInIndex = 0; path = LBMusicPlayer.app; sourceTree = BUILT_PRODUCTS_DIR; };
		1179B6F2221C0D4800463148 /* AppDelegate.h */ = {isa = PBXFileReference; lastKnownFileType = sourcecode.c.h; path = AppDelegate.h; sourceTree = "<group>"; };
		1179B6F3221C0D4800463148 /* AppDelegate.m */ = {isa = PBXFileReference; lastKnownFileType = sourcecode.c.objc; path = AppDelegate.m; sourceTree = "<group>"; };
		1179B6F5221C0D4800463148 /* ViewController.h */ = {isa = PBXFileReference; lastKnownFileType = sourcecode.c.h; path = ViewController.h; sourceTree = "<group>"; };
		1179B6F6221C0D4800463148 /* ViewController.m */ = {isa = PBXFileReference; lastKnownFileType = sourcecode.c.objc; path = ViewController.m; sourceTree = "<group>"; };
		1179B6F9221C0D4800463148 /* Base */ = {isa = PBXFileReference; lastKnownFileType = file.storyboard; name = Base; path = Base.lproj/Main.storyboard; sourceTree = "<group>"; };
		1179B6FB221C0D4A00463148 /* Assets.xcassets */ = {isa = PBXFileReference; lastKnownFileType = folder.assetcatalog; path = Assets.xcassets; sourceTree = "<group>"; };
		1179B6FE221C0D4A00463148 /* Base */ = {isa = PBXFileReference; lastKnownFileType = file.storyboard; name = Base; path = Base.lproj/LaunchScreen.storyboard; sourceTree = "<group>"; };
		1179B700221C0D4A00463148 /* Info.plist */ = {isa = PBXFileReference; lastKnownFileType = text.plist.xml; path = Info.plist; sourceTree = "<group>"; };
		1179B701221C0D4A00463148 /* main.m */ = {isa = PBXFileReference; lastKnownFileType = sourcecode.c.objc; path = main.m; sourceTree = "<group>"; };
		1179B707221C0D4B00463148 /* LBMusicPlayerTests.xctest */ = {isa = PBXFileReference; explicitFileType = wrapper.cfbundle; includeInIndex = 0; path = LBMusicPlayerTests.xctest; sourceTree = BUILT_PRODUCTS_DIR; };
		1179B712221C0D4B00463148 /* LBMusicPlayerUITests.xctest */ = {isa = PBXFileReference; explicitFileType = wrapper.cfbundle; includeInIndex = 0; path = LBMusicPlayerUITests.xctest; sourceTree = BUILT_PRODUCTS_DIR; };
		5154C9A6282B0F3FEFAD8FA6 /* Pods-LBMusicPlayer.debug.xcconfig */ = {isa = PBXFileReference; includeInIndex = 1; lastKnownFileType = text.xcconfig; name = "Pods-LBMusicPlayer.debug.xcconfig"; path = "Pods/Target Support Files/Pods-LBMusicPlayer/Pods-LBMusicPlayer.debug.xcconfig"; sourceTree = "<group>"; };
		56633053A76077EA18944000 /* Pods_LBMusicPlayer.framework */ = {isa = PBXFileReference; explicitFileType = wrapper.framework; includeInIndex = 0; path = Pods_LBMusicPlayer.framework; sourceTree = BUILT_PRODUCTS_DIR; };
		5BA668A7D71E3A9C63C699F4 /* Pods-LBMusicPlayer.release.xcconfig */ = {isa = PBXFileReference; includeInIndex = 1; lastKnownFileType = text.xcconfig; name = "Pods-LBMusicPlayer.release.xcconfig"; path = "Pods/Target Support Files/Pods-LBMusicPlayer/Pods-LBMusicPlayer.release.xcconfig"; sourceTree = "<group>"; };
/* End PBXFileReference section */

/* Begin PBXFrameworksBuildPhase section */
		1179B6EC221C0D4800463148 /* Frameworks */ = {
			isa = PBXFrameworksBuildPhase;
			buildActionMask = 2147483647;
			files = (
				572F15041060B370EAEE788A /* Pods_LBMusicPlayer.framework in Frameworks */,
			);
			runOnlyForDeploymentPostprocessing = 0;
		};
		1179B704221C0D4B00463148 /* Frameworks */ = {
			isa = PBXFrameworksBuildPhase;
			buildActionMask = 2147483647;
			files = (
			);
			runOnlyForDeploymentPostprocessing = 0;
		};
		1179B70F221C0D4B00463148 /* Frameworks */ = {
			isa = PBXFrameworksBuildPhase;
			buildActionMask = 2147483647;
			files = (
			);
			runOnlyForDeploymentPostprocessing = 0;
		};
/* End PBXFrameworksBuildPhase section */

/* Begin PBXGroup section */
		1179B6E6221C0D4800463148 = {
			isa = PBXGroup;
			children = (
				1179B6F1221C0D4800463148 /* LBMusicPlayer */,
				1179B6F0221C0D4800463148 /* Products */,
				B1EC18951EEF98B99549D016 /* Pods */,
				35DDA4981F4A30E5416E7781 /* Frameworks */,
			);
			sourceTree = "<group>";
		};
		1179B6F0221C0D4800463148 /* Products */ = {
			isa = PBXGroup;
			children = (
				1179B6EF221C0D4800463148 /* LBMusicPlayer.app */,
				1179B707221C0D4B00463148 /* LBMusicPlayerTests.xctest */,
				1179B712221C0D4B00463148 /* LBMusicPlayerUITests.xctest */,
			);
			name = Products;
			sourceTree = "<group>";
		};
		1179B6F1221C0D4800463148 /* LBMusicPlayer */ = {
			isa = PBXGroup;
			children = (
				1179B6F2221C0D4800463148 /* AppDelegate.h */,
				1179B6F3221C0D4800463148 /* AppDelegate.m */,
				1179B6F5221C0D4800463148 /* ViewController.h */,
				1179B6F6221C0D4800463148 /* ViewController.m */,
				1179B6F8221C0D4800463148 /* Main.storyboard */,
				1179B6FB221C0D4A00463148 /* Assets.xcassets */,
				1179B6FD221C0D4A00463148 /* LaunchScreen.storyboard */,
				1179B700221C0D4A00463148 /* Info.plist */,
				1179B701221C0D4A00463148 /* main.m */,
			);
			path = LBMusicPlayer;
			sourceTree = "<group>";
		};
		35DDA4981F4A30E5416E7781 /* Frameworks */ = {
			isa = PBXGroup;
			children = (
				56633053A76077EA18944000 /* Pods_LBMusicPlayer.framework */,
			);
			name = Frameworks;
			sourceTree = "<group>";
		};
		B1EC18951EEF98B99549D016 /* Pods */ = {
			isa = PBXGroup;
			children = (
				5154C9A6282B0F3FEFAD8FA6 /* Pods-LBMusicPlayer.debug.xcconfig */,
				5BA668A7D71E3A9C63C699F4 /* Pods-LBMusicPlayer.release.xcconfig */,
			);
			name = Pods;
			sourceTree = "<group>";
		};
/* End PBXGroup section */

/* Begin PBXNativeTarget section */
		1179B6EE221C0D4800463148 /* LBMusicPlayer */ = {
			isa = PBXNativeTarget;
			buildConfigurationList = 1179B71B221C0D4B00463148 /* Build configuration list for PBXNativeTarget "LBMusicPlayer" */;
			buildPhases = (
				4C47B605717A83125BF5EBAC /* [CP] Check Pods Manifest.lock */,
				1179B6EB221C0D4800463148 /* Sources */,
				1179B6EC221C0D4800463148 /* Frameworks */,
				1179B6ED221C0D4800463148 /* Resources */,
			);
			buildRules = (
			);
			dependencies = (
			);
			name = LBMusicPlayer;
			productName = LBMusicPlayer;
			productReference = 1179B6EF221C0D4800463148 /* LBMusicPlayer.app */;
			productType = "com.apple.product-type.application";
		};
		1179B706221C0D4B00463148 /* LBMusicPlayerTests */ = {
			isa = PBXNativeTarget;
			buildConfigurationList = 1179B71E221C0D4B00463148 /* Build configuration list for PBXNativeTarget "LBMusicPlayerTests" */;
			buildPhases = (
				1179B703221C0D4B00463148 /* Sources */,
				1179B704221C0D4B00463148 /* Frameworks */,
				1179B705221C0D4B00463148 /* Resources */,
			);
			buildRules = (
			);
			dependencies = (
				1179B709221C0D4B00463148 /* PBXTargetDependency */,
			);
			name = LBMusicPlayerTests;
			productName = LBMusicPlayerTests;
			productReference = 1179B707221C0D4B00463148 /* LBMusicPlayerTests.xctest */;
			productType = "com.apple.product-type.bundle.unit-test";
		};
		1179B711221C0D4B00463148 /* LBMusicPlayerUITests */ = {
			isa = PBXNativeTarget;
			buildConfigurationList = 1179B721221C0D4B00463148 /* Build configuration list for PBXNativeTarget "LBMusicPlayerUITests" */;
			buildPhases = (
				1179B70E221C0D4B00463148 /* Sources */,
				1179B70F221C0D4B00463148 /* Frameworks */,
				1179B710221C0D4B00463148 /* Resources */,
			);
			buildRules = (
			);
			dependencies = (
				1179B714221C0D4B00463148 /* PBXTargetDependency */,
			);
			name = LBMusicPlayerUITests;
			productName = LBMusicPlayerUITests;
			productReference = 1179B712221C0D4B00463148 /* LBMusicPlayerUITests.xctest */;
			productType = "com.apple.product-type.bundle.ui-testing";
		};
/* End PBXNativeTarget section */

/* Begin PBXProject section */
		1179B6E7221C0D4800463148 /* Project object */ = {
			isa = PBXProject;
			attributes = {
				LastUpgradeCheck = 1010;
				ORGANIZATIONNAME = "黄贤于";
				TargetAttributes = {
					1179B6EE221C0D4800463148 = {
						CreatedOnToolsVersion = 10.1;
					};
					1179B706221C0D4B00463148 = {
						CreatedOnToolsVersion = 10.1;
						TestTargetID = 1179B6EE221C0D4800463148;
					};
					1179B711221C0D4B00463148 = {
						CreatedOnToolsVersion = 10.1;
						TestTargetID = 1179B6EE221C0D4800463148;
					};
				};
			};
			buildConfigurationList = 1179B6EA221C0D4800463148 /* Build configuration list for PBXProject "LBMusicPlayer" */;
			compatibilityVersion = "Xcode 9.3";
			developmentRegion = en;
			hasScannedForEncodings = 0;
			knownRegions = (
				en,
				Base,
			);
			mainGroup = 1179B6E6221C0D4800463148;
			productRefGroup = 1179B6F0221C0D4800463148 /* Products */;
			projectDirPath = "";
			projectRoot = "";
			targets = (
				1179B6EE221C0D4800463148 /* LBMusicPlayer */,
				1179B706221C0D4B00463148 /* LBMusicPlayerTests */,
				1179B711221C0D4B00463148 /* LBMusicPlayerUITests */,
			);
		};
/* End PBXProject section */

/* Begin PBXResourcesBuildPhase section */
		1179B6ED221C0D4800463148 /* Resources */ = {
			isa = PBXResourcesBuildPhase;
			buildActionMask = 2147483647;
			files = (
				1179B6FF221C0D4A00463148 /* LaunchScreen.storyboard in Resources */,
				1179B6FC221C0D4A00463148 /* Assets.xcassets in Resources */,
				1179B6FA221C0D4800463148 /* Main.storyboard in Resources */,
			);
			runOnlyForDeploymentPostprocessing = 0;
		};
		1179B705221C0D4B00463148 /* Resources */ = {
			isa = PBXResourcesBuildPhase;
			buildActionMask = 2147483647;
			files = (
			);
			runOnlyForDeploymentPostprocessing = 0;
		};
		1179B710221C0D4B00463148 /* Resources */ = {
			isa = PBXResourcesBuildPhase;
			buildActionMask = 2147483647;
			files = (
			);
			runOnlyForDeploymentPostprocessing = 0;
		};
/* End PBXResourcesBuildPhase section */

/* Begin PBXShellScriptBuildPhase section */
		4C47B605717A83125BF5EBAC /* [CP] Check Pods Manifest.lock */ = {
			isa = PBXShellScriptBuildPhase;
			buildActionMask = 2147483647;
			files = (
			);
			inputFileListPaths = (
			);
			inputPaths = (
				"${PODS_PODFILE_DIR_PATH}/Podfile.lock",
				"${PODS_ROOT}/Manifest.lock",
			);
			name = "[CP] Check Pods Manifest.lock";
			outputFileListPaths = (
			);
			outputPaths = (
				"$(DERIVED_FILE_DIR)/Pods-LBMusicPlayer-checkManifestLockResult.txt",
			);
			runOnlyForDeploymentPostprocessing = 0;
			shellPath = /bin/sh;
			shellScript = "diff \"${PODS_PODFILE_DIR_PATH}/Podfile.lock\" \"${PODS_ROOT}/Manifest.lock\" > /dev/null\nif [ $? != 0 ] ; then\n    # print error to STDERR\n    echo \"error: The sandbox is not in sync with the Podfile.lock. Run 'pod install' or update your CocoaPods installation.\" >&2\n    exit 1\nfi\n# This output is used by Xcode 'outputs' to avoid re-running this script phase.\necho \"SUCCESS\" > \"${SCRIPT_OUTPUT_FILE_0}\"\n";
			showEnvVarsInLog = 0;
		};
/* End PBXShellScriptBuildPhase section */

/* Begin PBXSourcesBuildPhase section */
		1179B6EB221C0D4800463148 /* Sources */ = {
			isa = PBXSourcesBuildPhase;
			buildActionMask = 2147483647;
			files = (
				1179B6F7221C0D4800463148 /* ViewController.m in Sources */,
				1179B702221C0D4A00463148 /* main.m in Sources */,
				1179B6F4221C0D4800463148 /* AppDelegate.m in Sources */,
			);
			runOnlyForDeploymentPostprocessing = 0;
		};
		1179B703221C0D4B00463148 /* Sources */ = {
			isa = PBXSourcesBuildPhase;
			buildActionMask = 2147483647;
			files = (
			);
			runOnlyForDeploymentPostprocessing = 0;
		};
		1179B70E221C0D4B00463148 /* Sources */ = {
			isa = PBXSourcesBuildPhase;
			buildActionMask = 2147483647;
			files = (
			);
			runOnlyForDeploymentPostprocessing = 0;
		};
/* End PBXSourcesBuildPhase section */

/* Begin PBXTargetDependency section */
		1179B709221C0D4B00463148 /* PBXTargetDependency */ = {
			isa = PBXTargetDependency;
			target = 1179B6EE221C0D4800463148 /* LBMusicPlayer */;
			targetProxy = 1179B708221C0D4B00463148 /* PBXContainerItemProxy */;
		};
		1179B714221C0D4B00463148 /* PBXTargetDependency */ = {
			isa = PBXTargetDependency;
			target = 1179B6EE221C0D4800463148 /* LBMusicPlayer */;
			targetProxy = 1179B713221C0D4B00463148 /* PBXContainerItemProxy */;
		};
/* End PBXTargetDependency section */

/* Begin PBXVariantGroup section */
		1179B6F8221C0D4800463148 /* Main.storyboard */ = {
			isa = PBXVariantGroup;
			children = (
				1179B6F9221C0D4800463148 /* Base */,
			);
			name = Main.storyboard;
			sourceTree = "<group>";
		};
		1179B6FD221C0D4A00463148 /* LaunchScreen.storyboard */ = {
			isa = PBXVariantGroup;
			children = (
				1179B6FE221C0D4A00463148 /* Base */,
			);
			name = LaunchScreen.storyboard;
			sourceTree = "<group>";
		};
/* End PBXVariantGroup section */

/* Begin XCBuildConfiguration section */
		1179B719221C0D4B00463148 /* Debug */ = {
			isa = XCBuildConfiguration;
			buildSettings = {
				ALWAYS_SEARCH_USER_PATHS = NO;
				CLANG_ANALYZER_NONNULL = YES;
				CLANG_ANALYZER_NUMBER_OBJECT_CONVERSION = YES_AGGRESSIVE;
				CLANG_CXX_LANGUAGE_STANDARD = "gnu++14";
				CLANG_CXX_LIBRARY = "libc++";
				CLANG_ENABLE_MODULES = YES;
				CLANG_ENABLE_OBJC_ARC = YES;
				CLANG_ENABLE_OBJC_WEAK = YES;
				CLANG_WARN_BLOCK_CAPTURE_AUTORELEASING = YES;
				CLANG_WARN_BOOL_CONVERSION = YES;
				CLANG_WARN_COMMA = YES;
				CLANG_WARN_CONSTANT_CONVERSION = YES;
				CLANG_WARN_DEPRECATED_OBJC_IMPLEMENTATIONS = YES;
				CLANG_WARN_DIRECT_OBJC_ISA_USAGE = YES_ERROR;
				CLANG_WARN_DOCUMENTATION_COMMENTS = YES;
				CLANG_WARN_EMPTY_BODY = YES;
				CLANG_WARN_ENUM_CONVERSION = YES;
				CLANG_WARN_INFINITE_RECURSION = YES;
				CLANG_WARN_INT_CONVERSION = YES;
				CLANG_WARN_NON_LITERAL_NULL_CONVERSION = YES;
				CLANG_WARN_OBJC_IMPLICIT_RETAIN_SELF = YES;
				CLANG_WARN_OBJC_LITERAL_CONVERSION = YES;
				CLANG_WARN_OBJC_ROOT_CLASS = YES_ERROR;
				CLANG_WARN_RANGE_LOOP_ANALYSIS = YES;
				CLANG_WARN_STRICT_PROTOTYPES = YES;
				CLANG_WARN_SUSPICIOUS_MOVE = YES;
				CLANG_WARN_UNGUARDED_AVAILABILITY = YES_AGGRESSIVE;
				CLANG_WARN_UNREACHABLE_CODE = YES;
				CLANG_WARN__DUPLICATE_METHOD_MATCH = YES;
				CODE_SIGN_IDENTITY = "iPhone Developer";
				COPY_PHASE_STRIP = NO;
				DEBUG_INFORMATION_FORMAT = dwarf;
				ENABLE_STRICT_OBJC_MSGSEND = YES;
				ENABLE_TESTABILITY = YES;
				GCC_C_LANGUAGE_STANDARD = gnu11;
				GCC_DYNAMIC_NO_PIC = NO;
				GCC_NO_COMMON_BLOCKS = YES;
				GCC_OPTIMIZATION_LEVEL = 0;
				GCC_PREPROCESSOR_DEFINITIONS = (
					"DEBUG=1",
					"$(inherited)",
				);
				GCC_WARN_64_TO_32_BIT_CONVERSION = YES;
				GCC_WARN_ABOUT_RETURN_TYPE = YES_ERROR;
				GCC_WARN_UNDECLARED_SELECTOR = YES;
				GCC_WARN_UNINITIALIZED_AUTOS = YES_AGGRESSIVE;
				GCC_WARN_UNUSED_FUNCTION = YES;
				GCC_WARN_UNUSED_VARIABLE = YES;
				IPHONEOS_DEPLOYMENT_TARGET = 12.1;
				MTL_ENABLE_DEBUG_INFO = INCLUDE_SOURCE;
				MTL_FAST_MATH = YES;
				ONLY_ACTIVE_ARCH = YES;
				SDKROOT = iphoneos;
			};
			name = Debug;
		};
		1179B71A221C0D4B00463148 /* Release */ = {
			isa = XCBuildConfiguration;
			buildSettings = {
				ALWAYS_SEARCH_USER_PATHS = NO;
				CLANG_ANALYZER_NONNULL = YES;
				CLANG_ANALYZER_NUMBER_OBJECT_CONVERSION = YES_AGGRESSIVE;
				CLANG_CXX_LANGUAGE_STANDARD = "gnu++14";
				CLANG_CXX_LIBRARY = "libc++";
				CLANG_ENABLE_MODULES = YES;
				CLANG_ENABLE_OBJC_ARC = YES;
				CLANG_ENABLE_OBJC_WEAK = YES;
				CLANG_WARN_BLOCK_CAPTURE_AUTORELEASING = YES;
				CLANG_WARN_BOOL_CONVERSION = YES;
				CLANG_WARN_COMMA = YES;
				CLANG_WARN_CONSTANT_CONVERSION = YES;
				CLANG_WARN_DEPRECATED_OBJC_IMPLEMENTATIONS = YES;
				CLANG_WARN_DIRECT_OBJC_ISA_USAGE = YES_ERROR;
				CLANG_WARN_DOCUMENTATION_COMMENTS = YES;
				CLANG_WARN_EMPTY_BODY = YES;
				CLANG_WARN_ENUM_CONVERSION = YES;
				CLANG_WARN_INFINITE_RECURSION = YES;
				CLANG_WARN_INT_CONVERSION = YES;
				CLANG_WARN_NON_LITERAL_NULL_CONVERSION = YES;
				CLANG_WARN_OBJC_IMPLICIT_RETAIN_SELF = YES;
				CLANG_WARN_OBJC_LITERAL_CONVERSION = YES;
				CLANG_WARN_OBJC_ROOT_CLASS = YES_ERROR;
				CLANG_WARN_RANGE_LOOP_ANALYSIS = YES;
				CLANG_WARN_STRICT_PROTOTYPES = YES;
				CLANG_WARN_SUSPICIOUS_MOVE = YES;
				CLANG_WARN_UNGUARDED_AVAILABILITY = YES_AGGRESSIVE;
				CLANG_WARN_UNREACHABLE_CODE = YES;
				CLANG_WARN__DUPLICATE_METHOD_MATCH = YES;
				CODE_SIGN_IDENTITY = "iPhone Developer";
				COPY_PHASE_STRIP = NO;
				DEBUG_INFORMATION_FORMAT = "dwarf-with-dsym";
				ENABLE_NS_ASSERTIONS = NO;
				ENABLE_STRICT_OBJC_MSGSEND = YES;
				GCC_C_LANGUAGE_STANDARD = gnu11;
				GCC_NO_COMMON_BLOCKS = YES;
				GCC_WARN_64_TO_32_BIT_CONVERSION = YES;
				GCC_WARN_ABOUT_RETURN_TYPE = YES_ERROR;
				GCC_WARN_UNDECLARED_SELECTOR = YES;
				GCC_WARN_UNINITIALIZED_AUTOS = YES_AGGRESSIVE;
				GCC_WARN_UNUSED_FUNCTION = YES;
				GCC_WARN_UNUSED_VARIABLE = YES;
				IPHONEOS_DEPLOYMENT_TARGET = 12.1;
				MTL_ENABLE_DEBUG_INFO = NO;
				MTL_FAST_MATH = YES;
				SDKROOT = iphoneos;
				VALIDATE_PRODUCT = YES;
			};
			name = Release;
		};
		1179B71C221C0D4B00463148 /* Debug */ = {
			isa = XCBuildConfiguration;
			baseConfigurationReference = 5154C9A6282B0F3FEFAD8FA6 /* Pods-LBMusicPlayer.debug.xcconfig */;
			buildSettings = {
				ASSETCATALOG_COMPILER_APPICON_NAME = AppIcon;
				CODE_SIGN_STYLE = Automatic;
				DEVELOPMENT_TEAM = RPU264HFMW;
				INFOPLIST_FILE = LBMusicPlayer/Info.plist;
				LD_RUNPATH_SEARCH_PATHS = (
					"$(inherited)",
					"@executable_path/Frameworks",
				);
				PRODUCT_BUNDLE_IDENTIFIER = hxy.LBMusicPlayer;
				PRODUCT_NAME = "$(TARGET_NAME)";
				TARGETED_DEVICE_FAMILY = "1,2";
			};
			name = Debug;
		};
		1179B71D221C0D4B00463148 /* Release */ = {
			isa = XCBuildConfiguration;
			baseConfigurationReference = 5BA668A7D71E3A9C63C699F4 /* Pods-LBMusicPlayer.release.xcconfig */;
			buildSettings = {
				ASSETCATALOG_COMPILER_APPICON_NAME = AppIcon;
				CODE_SIGN_STYLE = Automatic;
				DEVELOPMENT_TEAM = RPU264HFMW;
				INFOPLIST_FILE = LBMusicPlayer/Info.plist;
				LD_RUNPATH_SEARCH_PATHS = (
					"$(inherited)",
					"@executable_path/Frameworks",
				);
				PRODUCT_BUNDLE_IDENTIFIER = hxy.LBMusicPlayer;
				PRODUCT_NAME = "$(TARGET_NAME)";
				TARGETED_DEVICE_FAMILY = "1,2";
			};
			name = Release;
		};
		1179B71F221C0D4B00463148 /* Debug */ = {
			isa = XCBuildConfiguration;
			buildSettings = {
				BUNDLE_LOADER = "$(TEST_HOST)";
				CODE_SIGN_STYLE = Automatic;
				DEVELOPMENT_TEAM = RPU264HFMW;
				INFOPLIST_FILE = LBMusicPlayerTests/Info.plist;
				LD_RUNPATH_SEARCH_PATHS = (
					"$(inherited)",
					"@executable_path/Frameworks",
					"@loader_path/Frameworks",
				);
				PRODUCT_BUNDLE_IDENTIFIER = hxy.LBMusicPlayerTests;
				PRODUCT_NAME = "$(TARGET_NAME)";
				TARGETED_DEVICE_FAMILY = "1,2";
				TEST_HOST = "$(BUILT_PRODUCTS_DIR)/LBMusicPlayer.app/LBMusicPlayer";
			};
			name = Debug;
		};
		1179B720221C0D4B00463148 /* Release */ = {
			isa = XCBuildConfiguration;
			buildSettings = {
				BUNDLE_LOADER = "$(TEST_HOST)";
				CODE_SIGN_STYLE = Automatic;
				DEVELOPMENT_TEAM = RPU264HFMW;
				INFOPLIST_FILE = LBMusicPlayerTests/Info.plist;
				LD_RUNPATH_SEARCH_PATHS = (
					"$(inherited)",
					"@executable_path/Frameworks",
					"@loader_path/Frameworks",
				);
				PRODUCT_BUNDLE_IDENTIFIER = hxy.LBMusicPlayerTests;
				PRODUCT_NAME = "$(TARGET_NAME)";
				TARGETED_DEVICE_FAMILY = "1,2";
				TEST_HOST = "$(BUILT_PRODUCTS_DIR)/LBMusicPlayer.app/LBMusicPlayer";
			};
			name = Release;
		};
		1179B722221C0D4B00463148 /* Debug */ = {
			isa = XCBuildConfiguration;
			buildSettings = {
				CODE_SIGN_STYLE = Automatic;
				DEVELOPMENT_TEAM = RPU264HFMW;
				INFOPLIST_FILE = LBMusicPlayerUITests/Info.plist;
				LD_RUNPATH_SEARCH_PATHS = (
					"$(inherited)",
					"@executable_path/Frameworks",
					"@loader_path/Frameworks",
				);
				PRODUCT_BUNDLE_IDENTIFIER = hxy.LBMusicPlayerUITests;
				PRODUCT_NAME = "$(TARGET_NAME)";
				TARGETED_DEVICE_FAMILY = "1,2";
				TEST_TARGET_NAME = LBMusicPlayer;
			};
			name = Debug;
		};
		1179B723221C0D4B00463148 /* Release */ = {
			isa = XCBuildConfiguration;
			buildSettings = {
				CODE_SIGN_STYLE = Automatic;
				DEVELOPMENT_TEAM = RPU264HFMW;
				INFOPLIST_FILE = LBMusicPlayerUITests/Info.plist;
				LD_RUNPATH_SEARCH_PATHS = (
					"$(inherited)",
					"@executable_path/Frameworks",
					"@loader_path/Frameworks",
				);
				PRODUCT_BUNDLE_IDENTIFIER = hxy.LBMusicPlayerUITests;
				PRODUCT_NAME = "$(TARGET_NAME)";
				TARGETED_DEVICE_FAMILY = "1,2";
				TEST_TARGET_NAME = LBMusicPlayer;
			};
			name = Release;
		};
/* End XCBuildConfiguration section */

/* Begin XCConfigurationList section */
		1179B6EA221C0D4800463148 /* Build configuration list for PBXProject "LBMusicPlayer" */ = {
			isa = XCConfigurationList;
			buildConfigurations = (
				1179B719221C0D4B00463148 /* Debug */,
				1179B71A221C0D4B00463148 /* Release */,
			);
			defaultConfigurationIsVisible = 0;
			defaultConfigurationName = Release;
		};
		1179B71B221C0D4B00463148 /* Build configuration list for PBXNativeTarget "LBMusicPlayer" */ = {
			isa = XCConfigurationList;
			buildConfigurations = (
				1179B71C221C0D4B00463148 /* Debug */,
				1179B71D221C0D4B00463148 /* Release */,
			);
			defaultConfigurationIsVisible = 0;
			defaultConfigurationName = Release;
		};
		1179B71E221C0D4B00463148 /* Build configuration list for PBXNativeTarget "LBMusicPlayerTests" */ = {
			isa = XCConfigurationList;
			buildConfigurations = (
				1179B71F221C0D4B00463148 /* Debug */,
				1179B720221C0D4B00463148 /* Release */,
			);
			defaultConfigurationIsVisible = 0;
			defaultConfigurationName = Release;
		};
		1179B721221C0D4B00463148 /* Build configuration list for PBXNativeTarget "LBMusicPlayerUITests" */ = {
			isa = XCConfigurationList;
			buildConfigurations = (
				1179B722221C0D4B00463148 /* Debug */,
				1179B723221C0D4B00463148 /* Release */,
			);
			defaultConfigurationIsVisible = 0;
			defaultConfigurationName = Release;
		};
/* End XCConfigurationList section */
	};
	rootObject = 1179B6E7221C0D4800463148 /* Project object */;
}
